
Microsoft Visual Studio Solution File, Format Version 12.00
# Visual Studio Version 16
VisualStudioVersion = 16.0.29911.84
MinimumVisualStudioVersion = 10.0.40219.1
Project("{FAE04EC0-301F-11D3-BF4B-00C04F79EFBC}") = "COVID-19", "COVID-19.csproj", "{2D742A9D-FEF9-4089-A8F5-36CFD3C51436}"
EndProject
Global
	GlobalSection(SolutionConfigurationPlatforms) = preSolution
		Debug|Any CPU = Debug|Any CPU
		Release|Any CPU = Release|Any CPU
	EndGlobalSection
	GlobalSection(ProjectConfigurationPlatforms) = postSolution
		{2D742A9D-FEF9-4089-A8F5-36CFD3C51436}.Debug|Any CPU.ActiveCfg = Debug|Any CPU
		{2D742A9D-FEF9-4089-A8F5-36CFD3C51436}.Debug|Any CPU.Build.0 = Debug|Any CPU
		{2D742A9D-FEF9-4089-A8F5-36CFD3C51436}.Release|Any CPU.ActiveCfg = Release|Any CPU
		{2D742A9D-FEF9-4089-A8F5-36CFD3C51436}.Release|Any CPU.Build.0 = Release|Any CPU
	EndGlobalSection
	GlobalSection(SolutionProperties) = preSolution
		HideSolutionNode = FALSE
	EndGlobalSection
	GlobalSection(ExtensibilityGlobals) = postSolution
		SolutionGuid = {BCCBC19D-E8DE-4028-9ECD-CBA5D9DAFFB4}
	EndGlobalSection
EndGlobal
